{
  "name": "assets",
  "lockfileVersion": 2,
  "requires": true,
  "packages": {
    "": {
      "dependencies": {
        "@hotwired/turbo": "^7.1.0"
      }
    },
    "node_modules/@hotwired/turbo": {
      "version": "7.1.0",
      "resolved": "https://registry.npmjs.org/@hotwired/turbo/-/turbo-7.1.0.tgz",
      "integrity": "sha512-Q8kGjqwPqER+CtpQudbH+3Zgs2X4zb6pBAlr6NsKTXadg45pAOvxI9i4QpuHbwSzR2+x87HUm+rot9F/Pe8rxA=="
    }
  },
  "dependencies": {
    "@hotwired/turbo": {
      "version": "7.1.0",
      "resolved": "https://registry.npmjs.org/@hotwired/turbo/-/turbo-7.1.0.tgz",
      "integrity": "sha512-Q8kGjqwPqER+CtpQudbH+3Zgs2X4zb6pBAlr6NsKTXadg45pAOvxI9i4QpuHbwSzR2+x87HUm+rot9F/Pe8rxA=="
    }
  }
}
